
Microsoft Visual Studio Solution File, Format Version 12.00
# Visual Studio 15
VisualStudioVersion = 15.0.28307.572
MinimumVisualStudioVersion = 10.0.40219.1
Project("{FAE04EC0-301F-11D3-BF4B-00C04F79EFBC}") = "NeuralNetworkOwnBackPropagator", "NeuralNetworkOwnBackPropagator\NeuralNetworkOwnBackPropagator.csproj", "{A1B08FF0-2180-48CA-A60C-2469B6947901}"
EndProject
Global
	GlobalSection(SolutionConfigurationPlatforms) = preSolution
		Debug|Any CPU = Debug|Any CPU
		Release|Any CPU = Release|Any CPU
	EndGlobalSection
	GlobalSection(ProjectConfigurationPlatforms) = postSolution
		{A1B08FF0-2180-48CA-A60C-2469B6947901}.Debug|Any CPU.ActiveCfg = Debug|Any CPU
		{A1B08FF0-2180-48CA-A60C-2469B6947901}.Debug|Any CPU.Build.0 = Debug|Any CPU
		{A1B08FF0-2180-48CA-A60C-2469B6947901}.Release|Any CPU.ActiveCfg = Release|Any CPU
		{A1B08FF0-2180-48CA-A60C-2469B6947901}.Release|Any CPU.Build.0 = Release|Any CPU
	EndGlobalSection
	GlobalSection(SolutionProperties) = preSolution
		HideSolutionNode = FALSE
	EndGlobalSection
	GlobalSection(ExtensibilityGlobals) = postSolution
		SolutionGuid = {F0AB36A7-4190-4A7F-B6C0-B16FF1D57B47}
	EndGlobalSection
EndGlobal
